// !$*UTF8*$!
{
	archiveVersion = 1;
	classes = {
	};
	objectVersion = 55;
	objects = {

/* Begin PBXBuildFile section */
		0B6AF0E52755757100D31574 /* SampleTestApp.swift in Sources */ = {isa = PBXBuildFile; fileRef = 0B6AF0E42755757100D31574 /* SampleTestApp.swift */; };
		0B6AF0E72755757100D31574 /* ContentView.swift in Sources */ = {isa = PBXBuildFile; fileRef = 0B6AF0E62755757100D31574 /* ContentView.swift */; };
		0B6AF0E92755757700D31574 /* Assets.xcassets in Resources */ = {isa = PBXBuildFile; fileRef = 0B6AF0E82755757700D31574 /* Assets.xcassets */; };
		0B6AF0EC2755757700D31574 /* Preview Assets.xcassets in Resources */ = {isa = PBXBuildFile; fileRef = 0B6AF0EB2755757700D31574 /* Preview Assets.xcassets */; };
		0B6AF0F62755757700D31574 /* SampleTestTests.swift in Sources */ = {isa = PBXBuildFile; fileRef = 0B6AF0F52755757700D31574 /* SampleTestTests.swift */; };
		0B6AF1002755757800D31574 /* SampleTestUITests.swift in Sources */ = {isa = PBXBuildFile; fileRef = 0B6AF0FF2755757800D31574 /* SampleTestUITests.swift */; };
/* End PBXBuildFile section */

/* Begin PBXContainerItemProxy section */
		0B6AF0F22755757700D31574 /* PBXContainerItemProxy */ = {
			isa = PBXContainerItemProxy;
			containerPortal = 0B6AF0D92755757100D31574 /* Project object */;
			proxyType = 1;
			remoteGlobalIDString = 0B6AF0E02755757100D31574;
			remoteInfo = SampleTest;
		};
		0B6AF0FC2755757700D31574 /* PBXContainerItemProxy */ = {
			isa = PBXContainerItemProxy;
			containerPortal = 0B6AF0D92755757100D31574 /* Project object */;
			proxyType = 1;
			remoteGlobalIDString = 0B6AF0E02755757100D31574;
			remoteInfo = SampleTest;
		};
/* End PBXContainerItemProxy section */

/* Begin PBXFileReference section */
		0B6AF0E12755757100D31574 /* SampleTest.app */ = {isa = PBXFileReference; explicitFileType = wrapper.application; includeInIndex = 0; path = SampleTest.app; sourceTree = BUILT_PRODUCTS_DIR; };
		0B6AF0E42755757100D31574 /* SampleTestApp.swift */ = {isa = PBXFileReference; lastKnownFileType = sourcecode.swift; path = SampleTestApp.swift; sourceTree = "<group>"; };
		0B6AF0E62755757100D31574 /* ContentView.swift */ = {isa = PBXFileReference; lastKnownFileType = sourcecode.swift; path = ContentView.swift; sourceTree = "<group>"; };
		0B6AF0E82755757700D31574 /* Assets.xcassets */ = {isa = PBXFileReference; lastKnownFileType = folder.assetcatalog; path = Assets.xcassets; sourceTree = "<group>"; };
		0B6AF0EB2755757700D31574 /* Preview Assets.xcassets */ = {isa = PBXFileReference; lastKnownFileType = folder.assetcatalog; path = "Preview Assets.xcassets"; sourceTree = "<group>"; };
		0B6AF0F12755757700D31574 /* SampleTestTests.xctest */ = {isa = PBXFileReference; explicitFileType = wrapper.cfbundle; includeInIndex = 0; path = SampleTestTests.xctest; sourceTree = BUILT_PRODUCTS_DIR; };
		0B6AF0F52755757700D31574 /* SampleTestTests.swift */ = {isa = PBXFileReference; lastKnownFileType = sourcecode.swift; path = SampleTestTests.swift; sourceTree = "<group>"; };
		0B6AF0FB2755757700D31574 /* SampleTestUITests.xctest */ = {isa = PBXFileReference; explicitFileType = wrapper.cfbundle; includeInIndex = 0; path = SampleTestUITests.xctest; sourceTree = BUILT_PRODUCTS_DIR; };
		0B6AF0FF2755757800D31574 /* SampleTestUITests.swift */ = {isa = PBXFileReference; lastKnownFileType = sourcecode.swift; path = SampleTestUITests.swift; sourceTree = "<group>"; };
		0B6AF10E27565AED00D31574 /* TestPlan1.xctestplan */ = {isa = PBXFileReference; lastKnownFileType = text; path = TestPlan1.xctestplan; sourceTree = "<group>"; };
		0B6AF10F27565B0800D31574 /* TestPlan2.xctestplan */ = {isa = PBXFileReference; lastKnownFileType = text; path = TestPlan2.xctestplan; sourceTree = "<group>"; };
/* End PBXFileReference section */

/* Begin PBXFrameworksBuildPhase section */
		0B6AF0DE2755757100D31574 /* Frameworks */ = {
			isa = PBXFrameworksBuildPhase;
			buildActionMask = 2147483647;
			files = (
			);
			runOnlyForDeploymentPostprocessing = 0;
		};
		0B6AF0EE2755757700D31574 /* Frameworks */ = {
			isa = PBXFrameworksBuildPhase;
			buildActionMask = 2147483647;
			files = (
			);
			runOnlyForDeploymentPostprocessing = 0;
		};
		0B6AF0F82755757700D31574 /* Frameworks */ = {
			isa = PBXFrameworksBuildPhase;
			buildActionMask = 2147483647;
			files = (
			);
			runOnlyForDeploymentPostprocessing = 0;
		};
/* End PBXFrameworksBuildPhase section */

/* Begin PBXGroup section */
		0B6AF0D82755757000D31574 = {
			isa = PBXGroup;
			children = (
				0B6AF0E32755757100D31574 /* SampleTest */,
				0B6AF0F42755757700D31574 /* SampleTestTests */,
				0B6AF0FE2755757800D31574 /* SampleTestUITests */,
				0B6AF0E22755757100D31574 /* Products */,
			);
			sourceTree = "<group>";
		};
		0B6AF0E22755757100D31574 /* Products */ = {
			isa = PBXGroup;
			children = (
				0B6AF0E12755757100D31574 /* SampleTest.app */,
				0B6AF0F12755757700D31574 /* SampleTestTests.xctest */,
				0B6AF0FB2755757700D31574 /* SampleTestUITests.xctest */,
			);
			name = Products;
			sourceTree = "<group>";
		};
		0B6AF0E32755757100D31574 /* SampleTest */ = {
			isa = PBXGroup;
			children = (
				0B6AF0E42755757100D31574 /* SampleTestApp.swift */,
				0B6AF0E62755757100D31574 /* ContentView.swift */,
				0B6AF0E82755757700D31574 /* Assets.xcassets */,
				0B6AF0EA2755757700D31574 /* Preview Content */,
			);
			path = SampleTest;
			sourceTree = "<group>";
		};
		0B6AF0EA2755757700D31574 /* Preview Content */ = {
			isa = PBXGroup;
			children = (
				0B6AF0EB2755757700D31574 /* Preview Assets.xcassets */,
			);
			path = "Preview Content";
			sourceTree = "<group>";
		};
		0B6AF0F42755757700D31574 /* SampleTestTests */ = {
			isa = PBXGroup;
			children = (
				0B6AF10F27565B0800D31574 /* TestPlan2.xctestplan */,
				0B6AF10E27565AED00D31574 /* TestPlan1.xctestplan */,
				0B6AF0F52755757700D31574 /* SampleTestTests.swift */,
			);
			path = SampleTestTests;
			sourceTree = "<group>";
		};
		0B6AF0FE2755757800D31574 /* SampleTestUITests */ = {
			isa = PBXGroup;
			children = (
				0B6AF0FF2755757800D31574 /* SampleTestUITests.swift */,
			);
			path = SampleTestUITests;
			sourceTree = "<group>";
		};
/* End PBXGroup section */

/* Begin PBXNativeTarget section */
		0B6AF0E02755757100D31574 /* SampleTest */ = {
			isa = PBXNativeTarget;
			buildConfigurationList = 0B6AF1052755757800D31574 /* Build configuration list for PBXNativeTarget "SampleTest" */;
			buildPhases = (
				0B6AF0DD2755757100D31574 /* Sources */,
				0B6AF0DE2755757100D31574 /* Frameworks */,
				0B6AF0DF2755757100D31574 /* Resources */,
			);
			buildRules = (
			);
			dependencies = (
			);
			name = SampleTest;
			productName = SampleTest;
			productReference = 0B6AF0E12755757100D31574 /* SampleTest.app */;
			productType = "com.apple.product-type.application";
		};
		0B6AF0F02755757700D31574 /* SampleTestTests */ = {
			isa = PBXNativeTarget;
			buildConfigurationList = 0B6AF1082755757800D31574 /* Build configuration list for PBXNativeTarget "SampleTestTests" */;
			buildPhases = (
				0B6AF0ED2755757700D31574 /* Sources */,
				0B6AF0EE2755757700D31574 /* Frameworks */,
				0B6AF0EF2755757700D31574 /* Resources */,
			);
			buildRules = (
			);
			dependencies = (
				0B6AF0F32755757700D31574 /* PBXTargetDependency */,
			);
			name = SampleTestTests;
			productName = SampleTestTests;
			productReference = 0B6AF0F12755757700D31574 /* SampleTestTests.xctest */;
			productType = "com.apple.product-type.bundle.unit-test";
		};
		0B6AF0FA2755757700D31574 /* SampleTestUITests */ = {
			isa = PBXNativeTarget;
			buildConfigurationList = 0B6AF10B2755757800D31574 /* Build configuration list for PBXNativeTarget "SampleTestUITests" */;
			buildPhases = (
				0B6AF0F72755757700D31574 /* Sources */,
				0B6AF0F82755757700D31574 /* Frameworks */,
				0B6AF0F92755757700D31574 /* Resources */,
			);
			buildRules = (
			);
			dependencies = (
				0B6AF0FD2755757700D31574 /* PBXTargetDependency */,
			);
			name = SampleTestUITests;
			productName = SampleTestUITests;
			productReference = 0B6AF0FB2755757700D31574 /* SampleTestUITests.xctest */;
			productType = "com.apple.product-type.bundle.ui-testing";
		};
/* End PBXNativeTarget section */

/* Begin PBXProject section */
		0B6AF0D92755757100D31574 /* Project object */ = {
			isa = PBXProject;
			attributes = {
				BuildIndependentTargetsInParallel = 1;
				LastSwiftUpdateCheck = 1300;
				LastUpgradeCheck = 1300;
				TargetAttributes = {
					0B6AF0E02755757100D31574 = {
						CreatedOnToolsVersion = 13.0;
					};
					0B6AF0F02755757700D31574 = {
						CreatedOnToolsVersion = 13.0;
						TestTargetID = 0B6AF0E02755757100D31574;
					};
					0B6AF0FA2755757700D31574 = {
						CreatedOnToolsVersion = 13.0;
						TestTargetID = 0B6AF0E02755757100D31574;
					};
				};
			};
			buildConfigurationList = 0B6AF0DC2755757100D31574 /* Build configuration list for PBXProject "SampleTest" */;
			compatibilityVersion = "Xcode 13.0";
			developmentRegion = en;
			hasScannedForEncodings = 0;
			knownRegions = (
				en,
				Base,
			);
			mainGroup = 0B6AF0D82755757000D31574;
			productRefGroup = 0B6AF0E22755757100D31574 /* Products */;
			projectDirPath = "";
			projectRoot = "";
			targets = (
				0B6AF0E02755757100D31574 /* SampleTest */,
				0B6AF0F02755757700D31574 /* SampleTestTests */,
				0B6AF0FA2755757700D31574 /* SampleTestUITests */,
			);
		};
/* End PBXProject section */

/* Begin PBXResourcesBuildPhase section */
		0B6AF0DF2755757100D31574 /* Resources */ = {
			isa = PBXResourcesBuildPhase;
			buildActionMask = 2147483647;
			files = (
				0B6AF0EC2755757700D31574 /* Preview Assets.xcassets in Resources */,
				0B6AF0E92755757700D31574 /* Assets.xcassets in Resources */,
			);
			runOnlyForDeploymentPostprocessing = 0;
		};
		0B6AF0EF2755757700D31574 /* Resources */ = {
			isa = PBXResourcesBuildPhase;
			buildActionMask = 2147483647;
			files = (
			);
			runOnlyForDeploymentPostprocessing = 0;
		};
		0B6AF0F92755757700D31574 /* Resources */ = {
			isa = PBXResourcesBuildPhase;
			buildActionMask = 2147483647;
			files = (
			);
			runOnlyForDeploymentPostprocessing = 0;
		};
/* End PBXResourcesBuildPhase section */

/* Begin PBXSourcesBuildPhase section */
		0B6AF0DD2755757100D31574 /* Sources */ = {
			isa = PBXSourcesBuildPhase;
			buildActionMask = 2147483647;
			files = (
				0B6AF0E72755757100D31574 /* ContentView.swift in Sources */,
				0B6AF0E52755757100D31574 /* SampleTestApp.swift in Sources */,
			);
			runOnlyForDeploymentPostprocessing = 0;
		};
		0B6AF0ED2755757700D31574 /* Sources */ = {
			isa = PBXSourcesBuildPhase;
			buildActionMask = 2147483647;
			files = (
				0B6AF0F62755757700D31574 /* SampleTestTests.swift in Sources */,
			);
			runOnlyForDeploymentPostprocessing = 0;
		};
		0B6AF0F72755757700D31574 /* Sources */ = {
			isa = PBXSourcesBuildPhase;
			buildActionMask = 2147483647;
			files = (
				0B6AF1002755757800D31574 /* SampleTestUITests.swift in Sources */,
			);
			runOnlyForDeploymentPostprocessing = 0;
		};
/* End PBXSourcesBuildPhase section */

/* Begin PBXTargetDependency section */
		0B6AF0F32755757700D31574 /* PBXTargetDependency */ = {
			isa = PBXTargetDependency;
			target = 0B6AF0E02755757100D31574 /* SampleTest */;
			targetProxy = 0B6AF0F22755757700D31574 /* PBXContainerItemProxy */;
		};
		0B6AF0FD2755757700D31574 /* PBXTargetDependency */ = {
			isa = PBXTargetDependency;
			target = 0B6AF0E02755757100D31574 /* SampleTest */;
			targetProxy = 0B6AF0FC2755757700D31574 /* PBXContainerItemProxy */;
		};
/* End PBXTargetDependency section */

/* Begin XCBuildConfiguration section */
		0B6AF1032755757800D31574 /* Debug */ = {
			isa = XCBuildConfiguration;
			buildSettings = {
				ALWAYS_SEARCH_USER_PATHS = NO;
				CLANG_ANALYZER_NONNULL = YES;
				CLANG_ANALYZER_NUMBER_OBJECT_CONVERSION = YES_AGGRESSIVE;
				CLANG_CXX_LANGUAGE_STANDARD = "gnu++17";
				CLANG_CXX_LIBRARY = "libc++";
				CLANG_ENABLE_MODULES = YES;
				CLANG_ENABLE_OBJC_ARC = YES;
				CLANG_ENABLE_OBJC_WEAK = YES;
				CLANG_WARN_BLOCK_CAPTURE_AUTORELEASING = YES;
				CLANG_WARN_BOOL_CONVERSION = YES;
				CLANG_WARN_COMMA = YES;
				CLANG_WARN_CONSTANT_CONVERSION = YES;
				CLANG_WARN_DEPRECATED_OBJC_IMPLEMENTATIONS = YES;
				CLANG_WARN_DIRECT_OBJC_ISA_USAGE = YES_ERROR;
				CLANG_WARN_DOCUMENTATION_COMMENTS = YES;
				CLANG_WARN_EMPTY_BODY = YES;
				CLANG_WARN_ENUM_CONVERSION = YES;
				CLANG_WARN_INFINITE_RECURSION = YES;
				CLANG_WARN_INT_CONVERSION = YES;
				CLANG_WARN_NON_LITERAL_NULL_CONVERSION = YES;
				CLANG_WARN_OBJC_IMPLICIT_RETAIN_SELF = YES;
				CLANG_WARN_OBJC_LITERAL_CONVERSION = YES;
				CLANG_WARN_OBJC_ROOT_CLASS = YES_ERROR;
				CLANG_WARN_QUOTED_INCLUDE_IN_FRAMEWORK_HEADER = YES;
				CLANG_WARN_RANGE_LOOP_ANALYSIS = YES;
				CLANG_WARN_STRICT_PROTOTYPES = YES;
				CLANG_WARN_SUSPICIOUS_MOVE = YES;
				CLANG_WARN_UNGUARDED_AVAILABILITY = YES_AGGRESSIVE;
				CLANG_WARN_UNREACHABLE_CODE = YES;
				CLANG_WARN__DUPLICATE_METHOD_MATCH = YES;
				COPY_PHASE_STRIP = NO;
				DEBUG_INFORMATION_FORMAT = dwarf;
				ENABLE_STRICT_OBJC_MSGSEND = YES;
				ENABLE_TESTABILITY = YES;
				GCC_C_LANGUAGE_STANDARD = gnu11;
				GCC_DYNAMIC_NO_PIC = NO;
				GCC_NO_COMMON_BLOCKS = YES;
				GCC_OPTIMIZATION_LEVEL = 0;
				GCC_PREPROCESSOR_DEFINITIONS = (
					"DEBUG=1",
					"$(inherited)",
				);
				GCC_WARN_64_TO_32_BIT_CONVERSION = YES;
				GCC_WARN_ABOUT_RETURN_TYPE = YES_ERROR;
				GCC_WARN_UNDECLARED_SELECTOR = YES;
				GCC_WARN_UNINITIALIZED_AUTOS = YES_AGGRESSIVE;
				GCC_WARN_UNUSED_FUNCTION = YES;
				GCC_WARN_UNUSED_VARIABLE = YES;
				IPHONEOS_DEPLOYMENT_TARGET = 15.0;
				MTL_ENABLE_DEBUG_INFO = INCLUDE_SOURCE;
				MTL_FAST_MATH = YES;
				ONLY_ACTIVE_ARCH = YES;
				SDKROOT = iphoneos;
				SWIFT_ACTIVE_COMPILATION_CONDITIONS = DEBUG;
				SWIFT_OPTIMIZATION_LEVEL = "-Onone";
			};
			name = Debug;
		};
		0B6AF1042755757800D31574 /* Release */ = {
			isa = XCBuildConfiguration;
			buildSettings = {
				ALWAYS_SEARCH_USER_PATHS = NO;
				CLANG_ANALYZER_NONNULL = YES;
				CLANG_ANALYZER_NUMBER_OBJECT_CONVERSION = YES_AGGRESSIVE;
				CLANG_CXX_LANGUAGE_STANDARD = "gnu++17";
				CLANG_CXX_LIBRARY = "libc++";
				CLANG_ENABLE_MODULES = YES;
				CLANG_ENABLE_OBJC_ARC = YES;
				CLANG_ENABLE_OBJC_WEAK = YES;
				CLANG_WARN_BLOCK_CAPTURE_AUTORELEASING = YES;
				CLANG_WARN_BOOL_CONVERSION = YES;
				CLANG_WARN_COMMA = YES;
				CLANG_WARN_CONSTANT_CONVERSION = YES;
				CLANG_WARN_DEPRECATED_OBJC_IMPLEMENTATIONS = YES;
				CLANG_WARN_DIRECT_OBJC_ISA_USAGE = YES_ERROR;
				CLANG_WARN_DOCUMENTATION_COMMENTS = YES;
				CLANG_WARN_EMPTY_BODY = YES;
				CLANG_WARN_ENUM_CONVERSION = YES;
				CLANG_WARN_INFINITE_RECURSION = YES;
				CLANG_WARN_INT_CONVERSION = YES;
				CLANG_WARN_NON_LITERAL_NULL_CONVERSION = YES;
				CLANG_WARN_OBJC_IMPLICIT_RETAIN_SELF = YES;
				CLANG_WARN_OBJC_LITERAL_CONVERSION = YES;
				CLANG_WARN_OBJC_ROOT_CLASS = YES_ERROR;
				CLANG_WARN_QUOTED_INCLUDE_IN_FRAMEWORK_HEADER = YES;
				CLANG_WARN_RANGE_LOOP_ANALYSIS = YES;
				CLANG_WARN_STRICT_PROTOTYPES = YES;
				CLANG_WARN_SUSPICIOUS_MOVE = YES;
				CLANG_WARN_UNGUARDED_AVAILABILITY = YES_AGGRESSIVE;
				CLANG_WARN_UNREACHABLE_CODE = YES;
				CLANG_WARN__DUPLICATE_METHOD_MATCH = YES;
				COPY_PHASE_STRIP = NO;
				DEBUG_INFORMATION_FORMAT = "dwarf-with-dsym";
				ENABLE_NS_ASSERTIONS = NO;
				ENABLE_STRICT_OBJC_MSGSEND = YES;
				GCC_C_LANGUAGE_STANDARD = gnu11;
				GCC_NO_COMMON_BLOCKS = YES;
				GCC_WARN_64_TO_32_BIT_CONVERSION = YES;
				GCC_WARN_ABOUT_RETURN_TYPE = YES_ERROR;
				GCC_WARN_UNDECLARED_SELECTOR = YES;
				GCC_WARN_UNINITIALIZED_AUTOS = YES_AGGRESSIVE;
				GCC_WARN_UNUSED_FUNCTION = YES;
				GCC_WARN_UNUSED_VARIABLE = YES;
				IPHONEOS_DEPLOYMENT_TARGET = 15.0;
				MTL_ENABLE_DEBUG_INFO = NO;
				MTL_FAST_MATH = YES;
				SDKROOT = iphoneos;
				SWIFT_COMPILATION_MODE = wholemodule;
				SWIFT_OPTIMIZATION_LEVEL = "-O";
				VALIDATE_PRODUCT = YES;
			};
			name = Release;
		};
		0B6AF1062755757800D31574 /* Debug */ = {
			isa = XCBuildConfiguration;
			buildSettings = {
				ASSETCATALOG_COMPILER_APPICON_NAME = AppIcon;
				ASSETCATALOG_COMPILER_GLOBAL_ACCENT_COLOR_NAME = AccentColor;
				CODE_SIGN_STYLE = Automatic;
				CURRENT_PROJECT_VERSION = 1;
				DEVELOPMENT_ASSET_PATHS = "\"SampleTest/Preview Content\"";
				ENABLE_PREVIEWS = YES;
				GENERATE_INFOPLIST_FILE = YES;
				INFOPLIST_KEY_UIApplicationSceneManifest_Generation = YES;
				INFOPLIST_KEY_UIApplicationSupportsIndirectInputEvents = YES;
				INFOPLIST_KEY_UILaunchScreen_Generation = YES;
				INFOPLIST_KEY_UISupportedInterfaceOrientations_iPad = "UIInterfaceOrientationPortrait UIInterfaceOrientationPortraitUpsideDown UIInterfaceOrientationLandscapeLeft UIInterfaceOrientationLandscapeRight";
				INFOPLIST_KEY_UISupportedInterfaceOrientations_iPhone = "UIInterfaceOrientationPortrait UIInterfaceOrientationLandscapeLeft UIInterfaceOrientationLandscapeRight";
				IPHONEOS_DEPLOYMENT_TARGET = 14.0;
				LD_RUNPATH_SEARCH_PATHS = (
					"$(inherited)",
					"@executable_path/Frameworks",
				);
				MARKETING_VERSION = 1.0;
				PRODUCT_BUNDLE_IDENTIFIER = br.com.fernandodelrio.TestApp2.SampleTest;
				PRODUCT_NAME = "$(TARGET_NAME)";
				SWIFT_EMIT_LOC_STRINGS = YES;
				SWIFT_VERSION = 5.0;
				TARGETED_DEVICE_FAMILY = "1,2";
			};
			name = Debug;
		};
		0B6AF1072755757800D31574 /* Release */ = {
			isa = XCBuildConfiguration;
			buildSettings = {
				ASSETCATALOG_COMPILER_APPICON_NAME = AppIcon;
				ASSETCATALOG_COMPILER_GLOBAL_ACCENT_COLOR_NAME = AccentColor;
				CODE_SIGN_STYLE = Automatic;
				CURRENT_PROJECT_VERSION = 1;
				DEVELOPMENT_ASSET_PATHS = "\"SampleTest/Preview Content\"";
				ENABLE_PREVIEWS = YES;
				GENERATE_INFOPLIST_FILE = YES;
				INFOPLIST_KEY_UIApplicationSceneManifest_Generation = YES;
				INFOPLIST_KEY_UIApplicationSupportsIndirectInputEvents = YES;
				INFOPLIST_KEY_UILaunchScreen_Generation = YES;
				INFOPLIST_KEY_UISupportedInterfaceOrientations_iPad = "UIInterfaceOrientationPortrait UIInterfaceOrientationPortraitUpsideDown UIInterfaceOrientationLandscapeLeft UIInterfaceOrientationLandscapeRight";
				INFOPLIST_KEY_UISupportedInterfaceOrientations_iPhone = "UIInterfaceOrientationPortrait UIInterfaceOrientationLandscapeLeft UIInterfaceOrientationLandscapeRight";
				IPHONEOS_DEPLOYMENT_TARGET = 14.0;
				LD_RUNPATH_SEARCH_PATHS = (
					"$(inherited)",
					"@executable_path/Frameworks",
				);
				MARKETING_VERSION = 1.0;
				PRODUCT_BUNDLE_IDENTIFIER = br.com.fernandodelrio.TestApp2.SampleTest;
				PRODUCT_NAME = "$(TARGET_NAME)";
				SWIFT_EMIT_LOC_STRINGS = YES;
				SWIFT_VERSION = 5.0;
				TARGETED_DEVICE_FAMILY = "1,2";
			};
			name = Release;
		};
		0B6AF1092755757800D31574 /* Debug */ = {
			isa = XCBuildConfiguration;
			buildSettings = {
				ALWAYS_EMBED_SWIFT_STANDARD_LIBRARIES = YES;
				BUNDLE_LOADER = "$(TEST_HOST)";
				CODE_SIGN_STYLE = Automatic;
				CURRENT_PROJECT_VERSION = 1;
				GENERATE_INFOPLIST_FILE = YES;
				IPHONEOS_DEPLOYMENT_TARGET = 14.0;
				LD_RUNPATH_SEARCH_PATHS = (
					"$(inherited)",
					"@executable_path/Frameworks",
					"@loader_path/Frameworks",
				);
				MARKETING_VERSION = 1.0;
				PRODUCT_BUNDLE_IDENTIFIER = br.com.fernandodelrio.TestApp2.SampleTestTests;
				PRODUCT_NAME = "$(TARGET_NAME)";
				SWIFT_EMIT_LOC_STRINGS = NO;
				SWIFT_VERSION = 5.0;
				TARGETED_DEVICE_FAMILY = "1,2";
				TEST_HOST = "$(BUILT_PRODUCTS_DIR)/SampleTest.app/SampleTest";
			};
			name = Debug;
		};
		0B6AF10A2755757800D31574 /* Release */ = {
			isa = XCBuildConfiguration;
			buildSettings = {
				ALWAYS_EMBED_SWIFT_STANDARD_LIBRARIES = YES;
				BUNDLE_LOADER = "$(TEST_HOST)";
				CODE_SIGN_STYLE = Automatic;
				CURRENT_PROJECT_VERSION = 1;
				GENERATE_INFOPLIST_FILE = YES;
				IPHONEOS_DEPLOYMENT_TARGET = 14.0;
				LD_RUNPATH_SEARCH_PATHS = (
					"$(inherited)",
					"@executable_path/Frameworks",
					"@loader_path/Frameworks",
				);
				MARKETING_VERSION = 1.0;
				PRODUCT_BUNDLE_IDENTIFIER = br.com.fernandodelrio.TestApp2.SampleTestTests;
				PRODUCT_NAME = "$(TARGET_NAME)";
				SWIFT_EMIT_LOC_STRINGS = NO;
				SWIFT_VERSION = 5.0;
				TARGETED_DEVICE_FAMILY = "1,2";
				TEST_HOST = "$(BUILT_PRODUCTS_DIR)/SampleTest.app/SampleTest";
			};
			name = Release;
		};
		0B6AF10C2755757800D31574 /* Debug */ = {
			isa = XCBuildConfiguration;
			buildSettings = {
				ALWAYS_EMBED_SWIFT_STANDARD_LIBRARIES = YES;
				CODE_SIGN_STYLE = Automatic;
				CURRENT_PROJECT_VERSION = 1;
				GENERATE_INFOPLIST_FILE = YES;
				LD_RUNPATH_SEARCH_PATHS = (
					"$(inherited)",
					"@executable_path/Frameworks",
					"@loader_path/Frameworks",
				);
				MARKETING_VERSION = 1.0;
				PRODUCT_BUNDLE_IDENTIFIER = br.com.fernandodelrio.TestApp2.SampleTestUITests;
				PRODUCT_NAME = "$(TARGET_NAME)";
				SWIFT_EMIT_LOC_STRINGS = NO;
				SWIFT_VERSION = 5.0;
				TARGETED_DEVICE_FAMILY = "1,2";
				TEST_TARGET_NAME = SampleTest;
			};
			name = Debug;
		};
		0B6AF10D2755757800D31574 /* Release */ = {
			isa = XCBuildConfiguration;
			buildSettings = {
				ALWAYS_EMBED_SWIFT_STANDARD_LIBRARIES = YES;
				CODE_SIGN_STYLE = Automatic;
				CURRENT_PROJECT_VERSION = 1;
				GENERATE_INFOPLIST_FILE = YES;
				LD_RUNPATH_SEARCH_PATHS = (
					"$(inherited)",
					"@executable_path/Frameworks",
					"@loader_path/Frameworks",
				);
				MARKETING_VERSION = 1.0;
				PRODUCT_BUNDLE_IDENTIFIER = br.com.fernandodelrio.TestApp2.SampleTestUITests;
				PRODUCT_NAME = "$(TARGET_NAME)";
				SWIFT_EMIT_LOC_STRINGS = NO;
				SWIFT_VERSION = 5.0;
				TARGETED_DEVICE_FAMILY = "1,2";
				TEST_TARGET_NAME = SampleTest;
			};
			name = Release;
		};
/* End XCBuildConfiguration section */

/* Begin XCConfigurationList section */
		0B6AF0DC2755757100D31574 /* Build configuration list for PBXProject "SampleTest" */ = {
			isa = XCConfigurationList;
			buildConfigurations = (
				0B6AF1032755757800D31574 /* Debug */,
				0B6AF1042755757800D31574 /* Release */,
			);
			defaultConfigurationIsVisible = 0;
			defaultConfigurationName = Release;
		};
		0B6AF1052755757800D31574 /* Build configuration list for PBXNativeTarget "SampleTest" */ = {
			isa = XCConfigurationList;
			buildConfigurations = (
				0B6AF1062755757800D31574 /* Debug */,
				0B6AF1072755757800D31574 /* Release */,
			);
			defaultConfigurationIsVisible = 0;
			defaultConfigurationName = Release;
		};
		0B6AF1082755757800D31574 /* Build configuration list for PBXNativeTarget "SampleTestTests" */ = {
			isa = XCConfigurationList;
			buildConfigurations = (
				0B6AF1092755757800D31574 /* Debug */,
				0B6AF10A2755757800D31574 /* Release */,
			);
			defaultConfigurationIsVisible = 0;
			defaultConfigurationName = Release;
		};
		0B6AF10B2755757800D31574 /* Build configuration list for PBXNativeTarget "SampleTestUITests" */ = {
			isa = XCConfigurationList;
			buildConfigurations = (
				0B6AF10C2755757800D31574 /* Debug */,
				0B6AF10D2755757800D31574 /* Release */,
			);
			defaultConfigurationIsVisible = 0;
			defaultConfigurationName = Release;
		};
/* End XCConfigurationList section */
	};
	rootObject = 0B6AF0D92755757100D31574 /* Project object */;
}
